// !$*UTF8*$!
{
	archiveVersion = 1;
	classes = {
	};
	objectVersion = 46;
	objects = {

/* Begin PBXBuildFile section */
		F52CE624148F46FF0068D6FF /* QTKit.framework in Frameworks */ = {isa = PBXBuildFile; fileRef = F52CE623148F46FF0068D6FF /* QTKit.framework */; };
		F56A8413148CF92800AE6F1E /* Cocoa.framework in Frameworks */ = {isa = PBXBuildFile; fileRef = F56A8412148CF92800AE6F1E /* Cocoa.framework */; };
		F56A841D148CF92800AE6F1E /* InfoPlist.strings in Resources */ = {isa = PBXBuildFile; fileRef = F56A841B148CF92800AE6F1E /* InfoPlist.strings */; };
		F56A841F148CF92800AE6F1E /* main.m in Sources */ = {isa = PBXBuildFile; fileRef = F56A841E148CF92800AE6F1E /* main.m */; };
		F56A8423148CF92800AE6F1E /* Credits.rtf in Resources */ = {isa = PBXBuildFile; fileRef = F56A8421148CF92800AE6F1E /* Credits.rtf */; };
		F56A8426148CF92800AE6F1E /* diumooAppDelegate.m in Sources */ = {isa = PBXBuildFile; fileRef = F56A8425148CF92800AE6F1E /* diumooAppDelegate.m */; };
		F56A8429148CF92800AE6F1E /* MainMenu.xib in Resources */ = {isa = PBXBuildFile; fileRef = F56A8427148CF92800AE6F1E /* MainMenu.xib */; };
		F5922BAB1491107F003D7BF0 /* musicPlayer.m in Sources */ = {isa = PBXBuildFile; fileRef = F5922BAA1491107F003D7BF0 /* musicPlayer.m */; };
		F5922BC5149112C8003D7BF0 /* CDataScanner.m in Sources */ = {isa = PBXBuildFile; fileRef = F5922BAE149112C8003D7BF0 /* CDataScanner.m */; };
		F5922BC6149112C8003D7BF0 /* CFilteringJSONSerializer.m in Sources */ = {isa = PBXBuildFile; fileRef = F5922BB1149112C8003D7BF0 /* CFilteringJSONSerializer.m */; };
		F5922BC7149112C8003D7BF0 /* CJSONDeserializer_BlocksExtensions.m in Sources */ = {isa = PBXBuildFile; fileRef = F5922BB3149112C8003D7BF0 /* CJSONDeserializer_BlocksExtensions.m */; };
		F5922BC8149112C8003D7BF0 /* CJSONSerialization.m in Sources */ = {isa = PBXBuildFile; fileRef = F5922BB5149112C8003D7BF0 /* CJSONSerialization.m */; };
		F5922BC9149112C8003D7BF0 /* CJSONSerializedData.m in Sources */ = {isa = PBXBuildFile; fileRef = F5922BB7149112C8003D7BF0 /* CJSONSerializedData.m */; };
		F5922BCA149112C8003D7BF0 /* CDataScanner_Extensions.m in Sources */ = {isa = PBXBuildFile; fileRef = F5922BBA149112C8003D7BF0 /* CDataScanner_Extensions.m */; };
		F5922BCB149112C8003D7BF0 /* NSDictionary_JSONExtensions.m in Sources */ = {isa = PBXBuildFile; fileRef = F5922BBC149112C8003D7BF0 /* NSDictionary_JSONExtensions.m */; };
		F5922BCC149112C8003D7BF0 /* CJSONDeserializer.m in Sources */ = {isa = PBXBuildFile; fileRef = F5922BBF149112C8003D7BF0 /* CJSONDeserializer.m */; };
		F5922BCD149112C8003D7BF0 /* CJSONScanner.m in Sources */ = {isa = PBXBuildFile; fileRef = F5922BC1149112C8003D7BF0 /* CJSONScanner.m */; };
		F5922BCE149112C8003D7BF0 /* CJSONSerializer.m in Sources */ = {isa = PBXBuildFile; fileRef = F5922BC3149112C8003D7BF0 /* CJSONSerializer.m */; };
		F5B2E5C8148DDB90008960EC /* doubanFMSource.m in Sources */ = {isa = PBXBuildFile; fileRef = F5B2E5C7148DDB90008960EC /* doubanFMSource.m */; };
		F5E5E66B1492404C00804996 /* musicController.m in Sources */ = {isa = PBXBuildFile; fileRef = F5E5E66A1492404C00804996 /* musicController.m */; };
		F5E5E67114926F7000804996 /* growlNotifier.m in Sources */ = {isa = PBXBuildFile; fileRef = F5E5E67014926F7000804996 /* growlNotifier.m */; };
		F5E5E675149276E100804996 /* Growl.framework in Frameworks */ = {isa = PBXBuildFile; fileRef = F5E5E674149276E100804996 /* Growl.framework */; };
		F5E5E6771492771D00804996 /* Growl.framework in CopyFiles */ = {isa = PBXBuildFile; fileRef = F5E5E674149276E100804996 /* Growl.framework */; };
/* End PBXBuildFile section */

/* Begin PBXCopyFilesBuildPhase section */
		F5E5E6761492770600804996 /* CopyFiles */ = {
			isa = PBXCopyFilesBuildPhase;
			buildActionMask = 2147483647;
			dstPath = "";
			dstSubfolderSpec = 10;
			files = (
				F5E5E6771492771D00804996 /* Growl.framework in CopyFiles */,
			);
			runOnlyForDeploymentPostprocessing = 0;
		};
/* End PBXCopyFilesBuildPhase section */

/* Begin PBXFileReference section */
		F52CE621148F3D960068D6FF /* en */ = {isa = PBXFileReference; lastKnownFileType = sourcecode.c.h; name = en; path = en.lproj/doubanFMSource.h; sourceTree = "<group>"; };
		F52CE623148F46FF0068D6FF /* QTKit.framework */ = {isa = PBXFileReference; lastKnownFileType = wrapper.framework; name = QTKit.framework; path = System/Library/Frameworks/QTKit.framework; sourceTree = SDKROOT; };
		F56A840E148CF92800AE6F1E /* diumoo.app */ = {isa = PBXFileReference; explicitFileType = wrapper.application; includeInIndex = 0; path = diumoo.app; sourceTree = BUILT_PRODUCTS_DIR; };
		F56A8412148CF92800AE6F1E /* Cocoa.framework */ = {isa = PBXFileReference; lastKnownFileType = wrapper.framework; name = Cocoa.framework; path = System/Library/Frameworks/Cocoa.framework; sourceTree = SDKROOT; };
		F56A8415148CF92800AE6F1E /* AppKit.framework */ = {isa = PBXFileReference; lastKnownFileType = wrapper.framework; name = AppKit.framework; path = System/Library/Frameworks/AppKit.framework; sourceTree = SDKROOT; };
		F56A8416148CF92800AE6F1E /* CoreData.framework */ = {isa = PBXFileReference; lastKnownFileType = wrapper.framework; name = CoreData.framework; path = System/Library/Frameworks/CoreData.framework; sourceTree = SDKROOT; };
		F56A8417148CF92800AE6F1E /* Foundation.framework */ = {isa = PBXFileReference; lastKnownFileType = wrapper.framework; name = Foundation.framework; path = System/Library/Frameworks/Foundation.framework; sourceTree = SDKROOT; };
		F56A841A148CF92800AE6F1E /* diumoo-Info.plist */ = {isa = PBXFileReference; lastKnownFileType = text.plist.xml; path = "diumoo-Info.plist"; sourceTree = "<group>"; };
		F56A841C148CF92800AE6F1E /* en */ = {isa = PBXFileReference; lastKnownFileType = text.plist.strings; name = en; path = en.lproj/InfoPlist.strings; sourceTree = "<group>"; };
		F56A841E148CF92800AE6F1E /* main.m */ = {isa = PBXFileReference; lastKnownFileType = sourcecode.c.objc; path = main.m; sourceTree = "<group>"; };
		F56A8420148CF92800AE6F1E /* diumoo-Prefix.pch */ = {isa = PBXFileReference; lastKnownFileType = sourcecode.c.h; path = "diumoo-Prefix.pch"; sourceTree = "<group>"; };
		F56A8422148CF92800AE6F1E /* en */ = {isa = PBXFileReference; lastKnownFileType = text.rtf; name = en; path = en.lproj/Credits.rtf; sourceTree = "<group>"; };
		F56A8424148CF92800AE6F1E /* diumooAppDelegate.h */ = {isa = PBXFileReference; lastKnownFileType = sourcecode.c.h; path = diumooAppDelegate.h; sourceTree = "<group>"; };
		F56A8425148CF92800AE6F1E /* diumooAppDelegate.m */ = {isa = PBXFileReference; lastKnownFileType = sourcecode.c.objc; path = diumooAppDelegate.m; sourceTree = "<group>"; };
		F56A8428148CF92800AE6F1E /* en */ = {isa = PBXFileReference; lastKnownFileType = file.xib; name = en; path = en.lproj/MainMenu.xib; sourceTree = "<group>"; };
		F5922BA91491107F003D7BF0 /* musicPlayer.h */ = {isa = PBXFileReference; fileEncoding = 4; lastKnownFileType = sourcecode.c.h; path = musicPlayer.h; sourceTree = "<group>"; };
		F5922BAA1491107F003D7BF0 /* musicPlayer.m */ = {isa = PBXFileReference; fileEncoding = 4; lastKnownFileType = sourcecode.c.objc; path = musicPlayer.m; sourceTree = "<group>"; };
		F5922BAD149112C8003D7BF0 /* CDataScanner.h */ = {isa = PBXFileReference; fileEncoding = 4; lastKnownFileType = sourcecode.c.h; path = CDataScanner.h; sourceTree = "<group>"; };
		F5922BAE149112C8003D7BF0 /* CDataScanner.m */ = {isa = PBXFileReference; fileEncoding = 4; lastKnownFileType = sourcecode.c.objc; path = CDataScanner.m; sourceTree = "<group>"; };
		F5922BB0149112C8003D7BF0 /* CFilteringJSONSerializer.h */ = {isa = PBXFileReference; fileEncoding = 4; lastKnownFileType = sourcecode.c.h; path = CFilteringJSONSerializer.h; sourceTree = "<group>"; };
		F5922BB1149112C8003D7BF0 /* CFilteringJSONSerializer.m */ = {isa = PBXFileReference; fileEncoding = 4; lastKnownFileType = sourcecode.c.objc; path = CFilteringJSONSerializer.m; sourceTree = "<group>"; };
		F5922BB2149112C8003D7BF0 /* CJSONDeserializer_BlocksExtensions.h */ = {isa = PBXFileReference; fileEncoding = 4; lastKnownFileType = sourcecode.c.h; path = CJSONDeserializer_BlocksExtensions.h; sourceTree = "<group>"; };
		F5922BB3149112C8003D7BF0 /* CJSONDeserializer_BlocksExtensions.m */ = {isa = PBXFileReference; fileEncoding = 4; lastKnownFileType = sourcecode.c.objc; path = CJSONDeserializer_BlocksExtensions.m; sourceTree = "<group>"; };
		F5922BB4149112C8003D7BF0 /* CJSONSerialization.h */ = {isa = PBXFileReference; fileEncoding = 4; lastKnownFileType = sourcecode.c.h; path = CJSONSerialization.h; sourceTree = "<group>"; };
		F5922BB5149112C8003D7BF0 /* CJSONSerialization.m */ = {isa = PBXFileReference; fileEncoding = 4; lastKnownFileType = sourcecode.c.objc; path = CJSONSerialization.m; sourceTree = "<group>"; };
		F5922BB6149112C8003D7BF0 /* CJSONSerializedData.h */ = {isa = PBXFileReference; fileEncoding = 4; lastKnownFileType = sourcecode.c.h; path = CJSONSerializedData.h; sourceTree = "<group>"; };
		F5922BB7149112C8003D7BF0 /* CJSONSerializedData.m */ = {isa = PBXFileReference; fileEncoding = 4; lastKnownFileType = sourcecode.c.objc; path = CJSONSerializedData.m; sourceTree = "<group>"; };
		F5922BB9149112C8003D7BF0 /* CDataScanner_Extensions.h */ = {isa = PBXFileReference; fileEncoding = 4; lastKnownFileType = sourcecode.c.h; path = CDataScanner_Extensions.h; sourceTree = "<group>"; };
		F5922BBA149112C8003D7BF0 /* CDataScanner_Extensions.m */ = {isa = PBXFileReference; fileEncoding = 4; lastKnownFileType = sourcecode.c.objc; path = CDataScanner_Extensions.m; sourceTree = "<group>"; };
		F5922BBB149112C8003D7BF0 /* NSDictionary_JSONExtensions.h */ = {isa = PBXFileReference; fileEncoding = 4; lastKnownFileType = sourcecode.c.h; path = NSDictionary_JSONExtensions.h; sourceTree = "<group>"; };
		F5922BBC149112C8003D7BF0 /* NSDictionary_JSONExtensions.m */ = {isa = PBXFileReference; fileEncoding = 4; lastKnownFileType = sourcecode.c.objc; path = NSDictionary_JSONExtensions.m; sourceTree = "<group>"; };
		F5922BBE149112C8003D7BF0 /* CJSONDeserializer.h */ = {isa = PBXFileReference; fileEncoding = 4; lastKnownFileType = sourcecode.c.h; path = CJSONDeserializer.h; sourceTree = "<group>"; };
		F5922BBF149112C8003D7BF0 /* CJSONDeserializer.m */ = {isa = PBXFileReference; fileEncoding = 4; lastKnownFileType = sourcecode.c.objc; path = CJSONDeserializer.m; sourceTree = "<group>"; };
		F5922BC0149112C8003D7BF0 /* CJSONScanner.h */ = {isa = PBXFileReference; fileEncoding = 4; lastKnownFileType = sourcecode.c.h; path = CJSONScanner.h; sourceTree = "<group>"; };
		F5922BC1149112C8003D7BF0 /* CJSONScanner.m */ = {isa = PBXFileReference; fileEncoding = 4; lastKnownFileType = sourcecode.c.objc; path = CJSONScanner.m; sourceTree = "<group>"; };
		F5922BC2149112C8003D7BF0 /* CJSONSerializer.h */ = {isa = PBXFileReference; fileEncoding = 4; lastKnownFileType = sourcecode.c.h; path = CJSONSerializer.h; sourceTree = "<group>"; };
		F5922BC3149112C8003D7BF0 /* CJSONSerializer.m */ = {isa = PBXFileReference; fileEncoding = 4; lastKnownFileType = sourcecode.c.objc; path = CJSONSerializer.m; sourceTree = "<group>"; };
		F5922BC4149112C8003D7BF0 /* JSONRepresentation.h */ = {isa = PBXFileReference; fileEncoding = 4; lastKnownFileType = sourcecode.c.h; path = JSONRepresentation.h; sourceTree = "<group>"; };
		F5B2E5C7148DDB90008960EC /* doubanFMSource.m */ = {isa = PBXFileReference; fileEncoding = 4; lastKnownFileType = sourcecode.c.objc; path = doubanFMSource.m; sourceTree = "<group>"; };
		F5E5E6691492404C00804996 /* musicController.h */ = {isa = PBXFileReference; fileEncoding = 4; lastKnownFileType = sourcecode.c.h; path = musicController.h; sourceTree = "<group>"; };
		F5E5E66A1492404C00804996 /* musicController.m */ = {isa = PBXFileReference; fileEncoding = 4; lastKnownFileType = sourcecode.c.objc; path = musicController.m; sourceTree = "<group>"; };
		F5E5E66F14926F7000804996 /* growlNotifier.h */ = {isa = PBXFileReference; fileEncoding = 4; lastKnownFileType = sourcecode.c.h; path = growlNotifier.h; sourceTree = "<group>"; };
		F5E5E67014926F7000804996 /* growlNotifier.m */ = {isa = PBXFileReference; fileEncoding = 4; lastKnownFileType = sourcecode.c.objc; path = growlNotifier.m; sourceTree = "<group>"; };
		F5E5E674149276E100804996 /* Growl.framework */ = {isa = PBXFileReference; lastKnownFileType = wrapper.framework; path = Growl.framework; sourceTree = "<group>"; };
/* End PBXFileReference section */

/* Begin PBXFrameworksBuildPhase section */
		F56A840B148CF92800AE6F1E /* Frameworks */ = {
			isa = PBXFrameworksBuildPhase;
			buildActionMask = 2147483647;
			files = (
				F52CE624148F46FF0068D6FF /* QTKit.framework in Frameworks */,
				F56A8413148CF92800AE6F1E /* Cocoa.framework in Frameworks */,
				F5E5E675149276E100804996 /* Growl.framework in Frameworks */,
			);
			runOnlyForDeploymentPostprocessing = 0;
		};
/* End PBXFrameworksBuildPhase section */

/* Begin PBXGroup section */
		F52CE616148F24700068D6FF /* mediaSource */ = {
			isa = PBXGroup;
			children = (
				F52CE622148F3D960068D6FF /* doubanFMSource.h */,
				F5B2E5C7148DDB90008960EC /* doubanFMSource.m */,
			);
			name = mediaSource;
			sourceTree = "<group>";
		};
		F52CE618148F24880068D6FF /* mediaPlayer */ = {
			isa = PBXGroup;
			children = (
				F5922BA91491107F003D7BF0 /* musicPlayer.h */,
				F5922BAA1491107F003D7BF0 /* musicPlayer.m */,
			);
			name = mediaPlayer;
			sourceTree = "<group>";
		};
		F56A8403148CF92800AE6F1E = {
			isa = PBXGroup;
			children = (
				F5922BAC149112C8003D7BF0 /* TouchJSON */,
				F56A8418148CF92800AE6F1E /* diumoo */,
				F56A8411148CF92800AE6F1E /* Frameworks */,
				F56A840F148CF92800AE6F1E /* Products */,
			);
			sourceTree = "<group>";
		};
		F56A840F148CF92800AE6F1E /* Products */ = {
			isa = PBXGroup;
			children = (
				F56A840E148CF92800AE6F1E /* diumoo.app */,
			);
			name = Products;
			sourceTree = "<group>";
		};
		F56A8411148CF92800AE6F1E /* Frameworks */ = {
			isa = PBXGroup;
			children = (
				F5E5E674149276E100804996 /* Growl.framework */,
				F52CE623148F46FF0068D6FF /* QTKit.framework */,
				F56A8412148CF92800AE6F1E /* Cocoa.framework */,
				F56A8414148CF92800AE6F1E /* Other Frameworks */,
			);
			name = Frameworks;
			sourceTree = "<group>";
		};
		F56A8414148CF92800AE6F1E /* Other Frameworks */ = {
			isa = PBXGroup;
			children = (
				F56A8415148CF92800AE6F1E /* AppKit.framework */,
				F56A8416148CF92800AE6F1E /* CoreData.framework */,
				F56A8417148CF92800AE6F1E /* Foundation.framework */,
			);
			name = "Other Frameworks";
			sourceTree = "<group>";
		};
		F56A8418148CF92800AE6F1E /* diumoo */ = {
			isa = PBXGroup;
			children = (
				F5E5E66C14926EDD00804996 /* notificationer */,
				F5E5E66714923FF700804996 /* mediaController */,
				F52CE618148F24880068D6FF /* mediaPlayer */,
				F52CE616148F24700068D6FF /* mediaSource */,
				F56A8424148CF92800AE6F1E /* diumooAppDelegate.h */,
				F56A8425148CF92800AE6F1E /* diumooAppDelegate.m */,
				F56A8427148CF92800AE6F1E /* MainMenu.xib */,
				F56A8419148CF92800AE6F1E /* Supporting Files */,
			);
			path = diumoo;
			sourceTree = "<group>";
		};
		F56A8419148CF92800AE6F1E /* Supporting Files */ = {
			isa = PBXGroup;
			children = (
				F56A841A148CF92800AE6F1E /* diumoo-Info.plist */,
				F56A841B148CF92800AE6F1E /* InfoPlist.strings */,
				F56A841E148CF92800AE6F1E /* main.m */,
				F56A8420148CF92800AE6F1E /* diumoo-Prefix.pch */,
				F56A8421148CF92800AE6F1E /* Credits.rtf */,
			);
			name = "Supporting Files";
			sourceTree = "<group>";
		};
		F5922BAC149112C8003D7BF0 /* TouchJSON */ = {
			isa = PBXGroup;
			children = (
				F5922BAD149112C8003D7BF0 /* CDataScanner.h */,
				F5922BAE149112C8003D7BF0 /* CDataScanner.m */,
				F5922BAF149112C8003D7BF0 /* Experimental */,
				F5922BB8149112C8003D7BF0 /* Extensions */,
				F5922BBD149112C8003D7BF0 /* JSON */,
			);
			path = TouchJSON;
			sourceTree = "<group>";
		};
		F5922BAF149112C8003D7BF0 /* Experimental */ = {
			isa = PBXGroup;
			children = (
				F5922BB0149112C8003D7BF0 /* CFilteringJSONSerializer.h */,
				F5922BB1149112C8003D7BF0 /* CFilteringJSONSerializer.m */,
				F5922BB2149112C8003D7BF0 /* CJSONDeserializer_BlocksExtensions.h */,
				F5922BB3149112C8003D7BF0 /* CJSONDeserializer_BlocksExtensions.m */,
				F5922BB4149112C8003D7BF0 /* CJSONSerialization.h */,
				F5922BB5149112C8003D7BF0 /* CJSONSerialization.m */,
				F5922BB6149112C8003D7BF0 /* CJSONSerializedData.h */,
				F5922BB7149112C8003D7BF0 /* CJSONSerializedData.m */,
			);
			path = Experimental;
			sourceTree = "<group>";
		};
		F5922BB8149112C8003D7BF0 /* Extensions */ = {
			isa = PBXGroup;
			children = (
				F5922BB9149112C8003D7BF0 /* CDataScanner_Extensions.h */,
				F5922BBA149112C8003D7BF0 /* CDataScanner_Extensions.m */,
				F5922BBB149112C8003D7BF0 /* NSDictionary_JSONExtensions.h */,
				F5922BBC149112C8003D7BF0 /* NSDictionary_JSONExtensions.m */,
			);
			path = Extensions;
			sourceTree = "<group>";
		};
		F5922BBD149112C8003D7BF0 /* JSON */ = {
			isa = PBXGroup;
			children = (
				F5922BBE149112C8003D7BF0 /* CJSONDeserializer.h */,
				F5922BBF149112C8003D7BF0 /* CJSONDeserializer.m */,
				F5922BC0149112C8003D7BF0 /* CJSONScanner.h */,
				F5922BC1149112C8003D7BF0 /* CJSONScanner.m */,
				F5922BC2149112C8003D7BF0 /* CJSONSerializer.h */,
				F5922BC3149112C8003D7BF0 /* CJSONSerializer.m */,
				F5922BC4149112C8003D7BF0 /* JSONRepresentation.h */,
			);
			path = JSON;
			sourceTree = "<group>";
		};
		F5E5E66714923FF700804996 /* mediaController */ = {
			isa = PBXGroup;
			children = (
				F5E5E6691492404C00804996 /* musicController.h */,
				F5E5E66A1492404C00804996 /* musicController.m */,
			);
			name = mediaController;
			sourceTree = "<group>";
		};
		F5E5E66C14926EDD00804996 /* notificationer */ = {
			isa = PBXGroup;
			children = (
				F5E5E66F14926F7000804996 /* growlNotifier.h */,
				F5E5E67014926F7000804996 /* growlNotifier.m */,
			);
			name = notificationer;
			sourceTree = "<group>";
		};
/* End PBXGroup section */

/* Begin PBXNativeTarget section */
		F56A840D148CF92800AE6F1E /* diumoo */ = {
			isa = PBXNativeTarget;
			buildConfigurationList = F56A842C148CF92800AE6F1E /* Build configuration list for PBXNativeTarget "diumoo" */;
			buildPhases = (
				F56A840A148CF92800AE6F1E /* Sources */,
				F56A840B148CF92800AE6F1E /* Frameworks */,
				F56A840C148CF92800AE6F1E /* Resources */,
				F5E5E6761492770600804996 /* CopyFiles */,
			);
			buildRules = (
			);
			dependencies = (
			);
			name = diumoo;
			productName = diumoo;
			productReference = F56A840E148CF92800AE6F1E /* diumoo.app */;
			productType = "com.apple.product-type.application";
		};
/* End PBXNativeTarget section */

/* Begin PBXProject section */
		F56A8405148CF92800AE6F1E /* Project object */ = {
			isa = PBXProject;
			buildConfigurationList = F56A8408148CF92800AE6F1E /* Build configuration list for PBXProject "diumoo" */;
			compatibilityVersion = "Xcode 3.2";
			developmentRegion = English;
			hasScannedForEncodings = 0;
			knownRegions = (
				en,
				"zh-Hans",
			);
			mainGroup = F56A8403148CF92800AE6F1E;
			productRefGroup = F56A840F148CF92800AE6F1E /* Products */;
			projectDirPath = "";
			projectRoot = "";
			targets = (
				F56A840D148CF92800AE6F1E /* diumoo */,
			);
		};
/* End PBXProject section */

/* Begin PBXResourcesBuildPhase section */
		F56A840C148CF92800AE6F1E /* Resources */ = {
			isa = PBXResourcesBuildPhase;
			buildActionMask = 2147483647;
			files = (
				F56A841D148CF92800AE6F1E /* InfoPlist.strings in Resources */,
				F56A8423148CF92800AE6F1E /* Credits.rtf in Resources */,
				F56A8429148CF92800AE6F1E /* MainMenu.xib in Resources */,
			);
			runOnlyForDeploymentPostprocessing = 0;
		};
/* End PBXResourcesBuildPhase section */

/* Begin PBXSourcesBuildPhase section */
		F56A840A148CF92800AE6F1E /* Sources */ = {
			isa = PBXSourcesBuildPhase;
			buildActionMask = 2147483647;
			files = (
				F56A841F148CF92800AE6F1E /* main.m in Sources */,
				F56A8426148CF92800AE6F1E /* diumooAppDelegate.m in Sources */,
				F5B2E5C8148DDB90008960EC /* doubanFMSource.m in Sources */,
				F5922BAB1491107F003D7BF0 /* musicPlayer.m in Sources */,
				F5922BC5149112C8003D7BF0 /* CDataScanner.m in Sources */,
				F5922BC6149112C8003D7BF0 /* CFilteringJSONSerializer.m in Sources */,
				F5922BC7149112C8003D7BF0 /* CJSONDeserializer_BlocksExtensions.m in Sources */,
				F5922BC8149112C8003D7BF0 /* CJSONSerialization.m in Sources */,
				F5922BC9149112C8003D7BF0 /* CJSONSerializedData.m in Sources */,
				F5922BCA149112C8003D7BF0 /* CDataScanner_Extensions.m in Sources */,
				F5922BCB149112C8003D7BF0 /* NSDictionary_JSONExtensions.m in Sources */,
				F5922BCC149112C8003D7BF0 /* CJSONDeserializer.m in Sources */,
				F5922BCD149112C8003D7BF0 /* CJSONScanner.m in Sources */,
				F5922BCE149112C8003D7BF0 /* CJSONSerializer.m in Sources */,
				F5E5E66B1492404C00804996 /* musicController.m in Sources */,
				F5E5E67114926F7000804996 /* growlNotifier.m in Sources */,
			);
			runOnlyForDeploymentPostprocessing = 0;
		};
/* End PBXSourcesBuildPhase section */

/* Begin PBXVariantGroup section */
		F52CE622148F3D960068D6FF /* doubanFMSource.h */ = {
			isa = PBXVariantGroup;
			children = (
				F52CE621148F3D960068D6FF /* en */,
			);
			name = doubanFMSource.h;
			sourceTree = "<group>";
		};
		F56A841B148CF92800AE6F1E /* InfoPlist.strings */ = {
			isa = PBXVariantGroup;
			children = (
				F56A841C148CF92800AE6F1E /* en */,
			);
			name = InfoPlist.strings;
			sourceTree = "<group>";
		};
		F56A8421148CF92800AE6F1E /* Credits.rtf */ = {
			isa = PBXVariantGroup;
			children = (
				F56A8422148CF92800AE6F1E /* en */,
			);
			name = Credits.rtf;
			sourceTree = "<group>";
		};
		F56A8427148CF92800AE6F1E /* MainMenu.xib */ = {
			isa = PBXVariantGroup;
			children = (
				F56A8428148CF92800AE6F1E /* en */,
			);
			name = MainMenu.xib;
			sourceTree = "<group>";
		};
/* End PBXVariantGroup section */

/* Begin XCBuildConfiguration section */
		F56A842A148CF92800AE6F1E /* Debug */ = {
			isa = XCBuildConfiguration;
			buildSettings = {
				ALWAYS_SEARCH_USER_PATHS = NO;
				ARCHS = "$(ARCHS_STANDARD_64_BIT)";
				COPY_PHASE_STRIP = NO;
				GCC_C_LANGUAGE_STANDARD = gnu99;
				GCC_DYNAMIC_NO_PIC = NO;
				GCC_ENABLE_OBJC_EXCEPTIONS = YES;
				GCC_OPTIMIZATION_LEVEL = 0;
				GCC_PREPROCESSOR_DEFINITIONS = (
					"DEBUG=1",
					"$(inherited)",
				);
				GCC_SYMBOLS_PRIVATE_EXTERN = NO;
				GCC_VERSION = com.apple.compilers.llvm.clang.1_0;
				GCC_WARN_64_TO_32_BIT_CONVERSION = YES;
				GCC_WARN_ABOUT_MISSING_PROTOTYPES = YES;
				GCC_WARN_ABOUT_RETURN_TYPE = YES;
				GCC_WARN_UNUSED_VARIABLE = YES;
				MACOSX_DEPLOYMENT_TARGET = 10.7;
				ONLY_ACTIVE_ARCH = YES;
				SDKROOT = macosx;
			};
			name = Debug;
		};
		F56A842B148CF92800AE6F1E /* Release */ = {
			isa = XCBuildConfiguration;
			buildSettings = {
				ALWAYS_SEARCH_USER_PATHS = NO;
				ARCHS = "$(ARCHS_STANDARD_64_BIT)";
				COPY_PHASE_STRIP = YES;
				DEBUG_INFORMATION_FORMAT = "dwarf-with-dsym";
				GCC_C_LANGUAGE_STANDARD = gnu99;
				GCC_ENABLE_OBJC_EXCEPTIONS = YES;
				GCC_VERSION = com.apple.compilers.llvm.clang.1_0;
				GCC_WARN_64_TO_32_BIT_CONVERSION = YES;
				GCC_WARN_ABOUT_MISSING_PROTOTYPES = YES;
				GCC_WARN_ABOUT_RETURN_TYPE = YES;
				GCC_WARN_UNUSED_VARIABLE = YES;
				MACOSX_DEPLOYMENT_TARGET = 10.7;
				SDKROOT = macosx;
			};
			name = Release;
		};
		F56A842D148CF92800AE6F1E /* Debug */ = {
			isa = XCBuildConfiguration;
			buildSettings = {
				FRAMEWORK_SEARCH_PATHS = (
					"$(inherited)",
					"\"$(SRCROOT)\"",
					"\"$(SRCROOT)/../../Growl-1.3.1-SDK/Framework\"",
				);
				GCC_PRECOMPILE_PREFIX_HEADER = YES;
				GCC_PREFIX_HEADER = "diumoo/diumoo-Prefix.pch";
				INFOPLIST_FILE = "diumoo/diumoo-Info.plist";
				PRODUCT_NAME = "$(TARGET_NAME)";
				WRAPPER_EXTENSION = app;
			};
			name = Debug;
		};
		F56A842E148CF92800AE6F1E /* Release */ = {
			isa = XCBuildConfiguration;
			buildSettings = {
				FRAMEWORK_SEARCH_PATHS = (
					"$(inherited)",
					"\"$(SRCROOT)\"",
					"\"$(SRCROOT)/../../Growl-1.3.1-SDK/Framework\"",
				);
				GCC_PRECOMPILE_PREFIX_HEADER = YES;
				GCC_PREFIX_HEADER = "diumoo/diumoo-Prefix.pch";
				INFOPLIST_FILE = "diumoo/diumoo-Info.plist";
				PRODUCT_NAME = "$(TARGET_NAME)";
				WRAPPER_EXTENSION = app;
			};
			name = Release;
		};
/* End XCBuildConfiguration section */

/* Begin XCConfigurationList section */
		F56A8408148CF92800AE6F1E /* Build configuration list for PBXProject "diumoo" */ = {
			isa = XCConfigurationList;
			buildConfigurations = (
				F56A842A148CF92800AE6F1E /* Debug */,
				F56A842B148CF92800AE6F1E /* Release */,
			);
			defaultConfigurationIsVisible = 0;
			defaultConfigurationName = Release;
		};
		F56A842C148CF92800AE6F1E /* Build configuration list for PBXNativeTarget "diumoo" */ = {
			isa = XCConfigurationList;
			buildConfigurations = (
				F56A842D148CF92800AE6F1E /* Debug */,
				F56A842E148CF92800AE6F1E /* Release */,
			);
			defaultConfigurationIsVisible = 0;
			defaultConfigurationName = Release;
		};
/* End XCConfigurationList section */
	};
	rootObject = F56A8405148CF92800AE6F1E /* Project object */;
}
