// !$*UTF8*$!
{
	archiveVersion = 1;
	classes = {
	};
	objectVersion = 46;
	objects = {

/* Begin PBXBuildFile section */
		149FC7E714B6E8DC0028C96B /* last_fm.png in Resources */ = {isa = PBXBuildFile; fileRef = 149FC7E614B6E8DC0028C96B /* last_fm.png */; };
		F50F5A9014BDBF6F00587035 /* redheart.png in Resources */ = {isa = PBXBuildFile; fileRef = F50F5A8F14BDBF6F00587035 /* redheart.png */; };
		F50F5A9314BDBFC800587035 /* greyheart.png in Resources */ = {isa = PBXBuildFile; fileRef = F50F5A9214BDBFC800587035 /* greyheart.png */; };
		F52CE624148F46FF0068D6FF /* QTKit.framework in Frameworks */ = {isa = PBXBuildFile; fileRef = F52CE623148F46FF0068D6FF /* QTKit.framework */; };
		F53B258214A2305E00903039 /* QuartzCore.framework in Frameworks */ = {isa = PBXBuildFile; fileRef = F53B258114A2305E00903039 /* QuartzCore.framework */; };
		F54951B314A18F3B00068581 /* QuickTime.framework in Frameworks */ = {isa = PBXBuildFile; fileRef = F54951B214A18F3B00068581 /* QuickTime.framework */; };
		F556B42714B89F1B003CA192 /* Sparkle.framework in Frameworks */ = {isa = PBXBuildFile; fileRef = F556B42614B89F1B003CA192 /* Sparkle.framework */; };
		F556B42814B89F25003CA192 /* Sparkle.framework in CopyFiles */ = {isa = PBXBuildFile; fileRef = F556B42614B89F1B003CA192 /* Sparkle.framework */; };
		F56251F814AD589B006A880C /* account_ok.png in Resources */ = {isa = PBXBuildFile; fileRef = F56251F614AD589B006A880C /* account_ok.png */; };
		F56251F914AD589B006A880C /* user.png in Resources */ = {isa = PBXBuildFile; fileRef = F56251F714AD589B006A880C /* user.png */; };
		F56A8413148CF92800AE6F1E /* Cocoa.framework in Frameworks */ = {isa = PBXBuildFile; fileRef = F56A8412148CF92800AE6F1E /* Cocoa.framework */; };
		F5766D28149D950200D5FDA6 /* prefsPanel.xib in Resources */ = {isa = PBXBuildFile; fileRef = F5766D26149D950200D5FDA6 /* prefsPanel.xib */; };
		F5766D34149DA0EC00D5FDA6 /* MainMenu.xib in Resources */ = {isa = PBXBuildFile; fileRef = F5766D32149DA0EC00D5FDA6 /* MainMenu.xib */; };
		F5766D3C149DB16500D5FDA6 /* preference.m in Sources */ = {isa = PBXBuildFile; fileRef = F5766D3B149DB16500D5FDA6 /* preference.m */; };
		F577CE78149A2AD400DDB91F /* Growl.framework in CopyFiles */ = {isa = PBXBuildFile; fileRef = F5C6C1E4149A28DF0045B3EE /* Growl.framework */; };
		F57EBD2F14AB1E5B00484ED1 /* diumooApp.m in Sources */ = {isa = PBXBuildFile; fileRef = F57EBD2E14AB1E5B00484ED1 /* diumooApp.m */; };
		F57EBD3214AB3F2200484ED1 /* Carbon.framework in Frameworks */ = {isa = PBXBuildFile; fileRef = F57EBD3114AB3F2100484ED1 /* Carbon.framework */; };
		F57EBD3714AB50D800484ED1 /* Security.framework in Frameworks */ = {isa = PBXBuildFile; fileRef = F57EBD3614AB50D800484ED1 /* Security.framework */; };
		F58A8C74149A2EB3004E60AD /* controlCenter.m in Sources */ = {isa = PBXBuildFile; fileRef = F58A8C5D149A2EB3004E60AD /* controlCenter.m */; };
		F58A8C76149A2EB3004E60AD /* diumooAppDelegate.m in Sources */ = {isa = PBXBuildFile; fileRef = F58A8C61149A2EB3004E60AD /* diumooAppDelegate.m */; };
		F58A8C77149A2EB3004E60AD /* main.m in Sources */ = {isa = PBXBuildFile; fileRef = F58A8C62149A2EB3004E60AD /* main.m */; };
		F58A8C78149A2EB3004E60AD /* doubanFMSource.m in Sources */ = {isa = PBXBuildFile; fileRef = F58A8C65149A2EB3004E60AD /* doubanFMSource.m */; };
		F58A8C7A149A2EB3004E60AD /* notifier.m in Sources */ = {isa = PBXBuildFile; fileRef = F58A8C6A149A2EB3004E60AD /* notifier.m */; };
		F58A8C7B149A2EB3004E60AD /* musicPlayer.m in Sources */ = {isa = PBXBuildFile; fileRef = F58A8C6D149A2EB3004E60AD /* musicPlayer.m */; };
		F58A8C7D149A2EB3004E60AD /* menu.m in Sources */ = {isa = PBXBuildFile; fileRef = F58A8C73149A2EB3004E60AD /* menu.m */; };
		F58A8C89149A3CDA004E60AD /* DetailView.m in Sources */ = {isa = PBXBuildFile; fileRef = F58A8C87149A3CDA004E60AD /* DetailView.m */; };
		F58A8C8A149A3CDA004E60AD /* DetailView.xib in Resources */ = {isa = PBXBuildFile; fileRef = F58A8C88149A3CDA004E60AD /* DetailView.xib */; };
		F58A8C9D149A48DF004E60AD /* back-alt.png in Resources */ = {isa = PBXBuildFile; fileRef = F58A8C8D149A48DF004E60AD /* back-alt.png */; };
		F58A8C9E149A48DF004E60AD /* back.png in Resources */ = {isa = PBXBuildFile; fileRef = F58A8C8E149A48DF004E60AD /* back.png */; };
		F58A8C9F149A48DF004E60AD /* bye-alt.png in Resources */ = {isa = PBXBuildFile; fileRef = F58A8C8F149A48DF004E60AD /* bye-alt.png */; };
		F58A8CA0149A48DF004E60AD /* bye.png in Resources */ = {isa = PBXBuildFile; fileRef = F58A8C90149A48DF004E60AD /* bye.png */; };
		F58A8CA1149A48DF004E60AD /* dchannels.plist in Resources */ = {isa = PBXBuildFile; fileRef = F58A8C91149A48DF004E60AD /* dchannels.plist */; };
		F58A8CA2149A48DF004E60AD /* icon-alt.png in Resources */ = {isa = PBXBuildFile; fileRef = F58A8C92149A48DF004E60AD /* icon-alt.png */; };
		F58A8CA3149A48DF004E60AD /* icon.png in Resources */ = {isa = PBXBuildFile; fileRef = F58A8C93149A48DF004E60AD /* icon.png */; };
		F58A8CA4149A48DF004E60AD /* like.png in Resources */ = {isa = PBXBuildFile; fileRef = F58A8C94149A48DF004E60AD /* like.png */; };
		F58A8CA5149A48DF004E60AD /* next-alt.png in Resources */ = {isa = PBXBuildFile; fileRef = F58A8C95149A48DF004E60AD /* next-alt.png */; };
		F58A8CA6149A48DF004E60AD /* next.png in Resources */ = {isa = PBXBuildFile; fileRef = F58A8C96149A48DF004E60AD /* next.png */; };
		F58A8CA7149A48DF004E60AD /* pause-alt.png in Resources */ = {isa = PBXBuildFile; fileRef = F58A8C97149A48DF004E60AD /* pause-alt.png */; };
		F58A8CA8149A48DF004E60AD /* pause.png in Resources */ = {isa = PBXBuildFile; fileRef = F58A8C98149A48DF004E60AD /* pause.png */; };
		F58A8CA9149A48DF004E60AD /* play-alt.png in Resources */ = {isa = PBXBuildFile; fileRef = F58A8C99149A48DF004E60AD /* play-alt.png */; };
		F58A8CAA149A48DF004E60AD /* play.png in Resources */ = {isa = PBXBuildFile; fileRef = F58A8C9A149A48DF004E60AD /* play.png */; };
		F58A8CAB149A48DF004E60AD /* unlike.png in Resources */ = {isa = PBXBuildFile; fileRef = F58A8C9B149A48DF004E60AD /* unlike.png */; };
		F58C5E8F149F081200DDDF95 /* album.png in Resources */ = {isa = PBXBuildFile; fileRef = F58C5E8E149F081200DDDF95 /* album.png */; };
		F58C5E91149F089D00DDDF95 /* icon.icns in Resources */ = {isa = PBXBuildFile; fileRef = F58C5E90149F089D00DDDF95 /* icon.icns */; };
		F5C38F40149C58A40082FEE4 /* twitter.png in Resources */ = {isa = PBXBuildFile; fileRef = F5C38F3F149C58A40082FEE4 /* twitter.png */; };
		F5C38F42149C58AF0082FEE4 /* google.png in Resources */ = {isa = PBXBuildFile; fileRef = F5C38F41149C58AF0082FEE4 /* google.png */; };
		F5C6C1FE149A28DF0045B3EE /* Growl.framework in Frameworks */ = {isa = PBXBuildFile; fileRef = F5C6C1E4149A28DF0045B3EE /* Growl.framework */; };
		F5C6C1FF149A28DF0045B3EE /* CDataScanner.m in Sources */ = {isa = PBXBuildFile; fileRef = F5C6C1E7149A28DF0045B3EE /* CDataScanner.m */; };
		F5C6C200149A28DF0045B3EE /* CFilteringJSONSerializer.m in Sources */ = {isa = PBXBuildFile; fileRef = F5C6C1EA149A28DF0045B3EE /* CFilteringJSONSerializer.m */; };
		F5C6C201149A28DF0045B3EE /* CJSONDeserializer_BlocksExtensions.m in Sources */ = {isa = PBXBuildFile; fileRef = F5C6C1EC149A28DF0045B3EE /* CJSONDeserializer_BlocksExtensions.m */; };
		F5C6C202149A28DF0045B3EE /* CJSONSerialization.m in Sources */ = {isa = PBXBuildFile; fileRef = F5C6C1EE149A28DF0045B3EE /* CJSONSerialization.m */; };
		F5C6C203149A28DF0045B3EE /* CJSONSerializedData.m in Sources */ = {isa = PBXBuildFile; fileRef = F5C6C1F0149A28DF0045B3EE /* CJSONSerializedData.m */; };
		F5C6C204149A28DF0045B3EE /* CDataScanner_Extensions.m in Sources */ = {isa = PBXBuildFile; fileRef = F5C6C1F3149A28DF0045B3EE /* CDataScanner_Extensions.m */; };
		F5C6C205149A28DF0045B3EE /* NSDictionary_JSONExtensions.m in Sources */ = {isa = PBXBuildFile; fileRef = F5C6C1F5149A28DF0045B3EE /* NSDictionary_JSONExtensions.m */; };
		F5C6C206149A28DF0045B3EE /* CJSONDeserializer.m in Sources */ = {isa = PBXBuildFile; fileRef = F5C6C1F8149A28DF0045B3EE /* CJSONDeserializer.m */; };
		F5C6C207149A28DF0045B3EE /* CJSONScanner.m in Sources */ = {isa = PBXBuildFile; fileRef = F5C6C1FA149A28DF0045B3EE /* CJSONScanner.m */; };
		F5C6C208149A28DF0045B3EE /* CJSONSerializer.m in Sources */ = {isa = PBXBuildFile; fileRef = F5C6C1FC149A28DF0045B3EE /* CJSONSerializer.m */; };
		F5C9955514BB0E03005F8AF3 /* fanfou.png in Resources */ = {isa = PBXBuildFile; fileRef = F5C9955414BB0E03005F8AF3 /* fanfou.png */; };
		F5D9B01E14BA93960095B7A4 /* dsa_pub.pem in Resources */ = {isa = PBXBuildFile; fileRef = F5D9B01D14BA93960095B7A4 /* dsa_pub.pem */; };
		F5D9C0EA14A8BC3E00029663 /* douban.png in Resources */ = {isa = PBXBuildFile; fileRef = F5D9C0E914A8BC3E00029663 /* douban.png */; };
		F5DAA05714AB6408004404AA /* EMKeychainItem.m in Sources */ = {isa = PBXBuildFile; fileRef = F5DAA05614AB6408004404AA /* EMKeychainItem.m */; };
		F5DAA05A14AB6442004404AA /* FrequencyLevels.m in Sources */ = {isa = PBXBuildFile; fileRef = F5DAA05914AB6442004404AA /* FrequencyLevels.m */; };
		F5DAA06114AB65CB004404AA /* SPMediaKeyTap.m in Sources */ = {isa = PBXBuildFile; fileRef = F5DAA06014AB65CB004404AA /* SPMediaKeyTap.m */; };
		F5E1B0EC14B07693009D00B1 /* icon-red.png in Resources */ = {isa = PBXBuildFile; fileRef = F5E1B0EB14B07693009D00B1 /* icon-red.png */; };
		F5E9EF9614B008EE00E0D57B /* all_bigstars.gif in Resources */ = {isa = PBXBuildFile; fileRef = F5E9EF9514B008EE00E0D57B /* all_bigstars.gif */; };
/* End PBXBuildFile section */

/* Begin PBXCopyFilesBuildPhase section */
		F5E5E6761492770600804996 /* CopyFiles */ = {
			isa = PBXCopyFilesBuildPhase;
			buildActionMask = 2147483647;
			dstPath = "";
			dstSubfolderSpec = 10;
			files = (
				F577CE78149A2AD400DDB91F /* Growl.framework in CopyFiles */,
				F556B42814B89F25003CA192 /* Sparkle.framework in CopyFiles */,
			);
			runOnlyForDeploymentPostprocessing = 0;
		};
/* End PBXCopyFilesBuildPhase section */

/* Begin PBXFileReference section */
		149FC7E614B6E8DC0028C96B /* last_fm.png */ = {isa = PBXFileReference; lastKnownFileType = image.png; path = last_fm.png; sourceTree = "<group>"; };
		F50F5A8F14BDBF6F00587035 /* redheart.png */ = {isa = PBXFileReference; lastKnownFileType = image.png; path = redheart.png; sourceTree = "<group>"; };
		F50F5A9214BDBFC800587035 /* greyheart.png */ = {isa = PBXFileReference; lastKnownFileType = image.png; path = greyheart.png; sourceTree = "<group>"; };
		F52CE623148F46FF0068D6FF /* QTKit.framework */ = {isa = PBXFileReference; lastKnownFileType = wrapper.framework; name = QTKit.framework; path = System/Library/Frameworks/QTKit.framework; sourceTree = SDKROOT; };
		F53B258114A2305E00903039 /* QuartzCore.framework */ = {isa = PBXFileReference; lastKnownFileType = wrapper.framework; name = QuartzCore.framework; path = System/Library/Frameworks/QuartzCore.framework; sourceTree = SDKROOT; };
		F54951B214A18F3B00068581 /* QuickTime.framework */ = {isa = PBXFileReference; lastKnownFileType = wrapper.framework; name = QuickTime.framework; path = System/Library/Frameworks/QuickTime.framework; sourceTree = SDKROOT; };
		F556B42614B89F1B003CA192 /* Sparkle.framework */ = {isa = PBXFileReference; lastKnownFileType = wrapper.framework; name = Sparkle.framework; path = extern/Sparkle.framework; sourceTree = "<group>"; };
		F56251F614AD589B006A880C /* account_ok.png */ = {isa = PBXFileReference; lastKnownFileType = image.png; path = account_ok.png; sourceTree = "<group>"; };
		F56251F714AD589B006A880C /* user.png */ = {isa = PBXFileReference; lastKnownFileType = image.png; path = user.png; sourceTree = "<group>"; };
		F56A840E148CF92800AE6F1E /* diumoo.app */ = {isa = PBXFileReference; explicitFileType = wrapper.application; includeInIndex = 0; path = diumoo.app; sourceTree = BUILT_PRODUCTS_DIR; };
		F56A8412148CF92800AE6F1E /* Cocoa.framework */ = {isa = PBXFileReference; lastKnownFileType = wrapper.framework; name = Cocoa.framework; path = System/Library/Frameworks/Cocoa.framework; sourceTree = SDKROOT; };
		F56A8415148CF92800AE6F1E /* AppKit.framework */ = {isa = PBXFileReference; lastKnownFileType = wrapper.framework; name = AppKit.framework; path = System/Library/Frameworks/AppKit.framework; sourceTree = SDKROOT; };
		F56A8416148CF92800AE6F1E /* CoreData.framework */ = {isa = PBXFileReference; lastKnownFileType = wrapper.framework; name = CoreData.framework; path = System/Library/Frameworks/CoreData.framework; sourceTree = SDKROOT; };
		F56A8417148CF92800AE6F1E /* Foundation.framework */ = {isa = PBXFileReference; lastKnownFileType = wrapper.framework; name = Foundation.framework; path = System/Library/Frameworks/Foundation.framework; sourceTree = SDKROOT; };
		F5766D33149DA0EC00D5FDA6 /* en */ = {isa = PBXFileReference; lastKnownFileType = file.xib; name = en; path = en.lproj/MainMenu.xib; sourceTree = "<group>"; };
		F5766D35149DA12E00D5FDA6 /* zh-Hans */ = {isa = PBXFileReference; lastKnownFileType = file.xib; name = "zh-Hans"; path = "zh-Hans.lproj/MainMenu.xib"; sourceTree = "<group>"; };
		F5766D3A149DB16500D5FDA6 /* preference.h */ = {isa = PBXFileReference; fileEncoding = 4; lastKnownFileType = sourcecode.c.h; name = preference.h; path = preference/preference.h; sourceTree = "<group>"; };
		F5766D3B149DB16500D5FDA6 /* preference.m */ = {isa = PBXFileReference; fileEncoding = 4; lastKnownFileType = sourcecode.c.objc; name = preference.m; path = preference/preference.m; sourceTree = "<group>"; };
		F5766D3D149DB4AA00D5FDA6 /* en */ = {isa = PBXFileReference; lastKnownFileType = file.xib; name = en; path = en.lproj/prefsPanel.xib; sourceTree = "<group>"; };
		F57EBD2D14AB1E5B00484ED1 /* diumooApp.h */ = {isa = PBXFileReference; fileEncoding = 4; lastKnownFileType = sourcecode.c.h; path = diumooApp.h; sourceTree = "<group>"; };
		F57EBD2E14AB1E5B00484ED1 /* diumooApp.m */ = {isa = PBXFileReference; fileEncoding = 4; lastKnownFileType = sourcecode.c.objc; path = diumooApp.m; sourceTree = "<group>"; };
		F57EBD3114AB3F2100484ED1 /* Carbon.framework */ = {isa = PBXFileReference; lastKnownFileType = wrapper.framework; name = Carbon.framework; path = System/Library/Frameworks/Carbon.framework; sourceTree = SDKROOT; };
		F57EBD3614AB50D800484ED1 /* Security.framework */ = {isa = PBXFileReference; lastKnownFileType = wrapper.framework; name = Security.framework; path = System/Library/Frameworks/Security.framework; sourceTree = SDKROOT; };
		F58A8C5C149A2EB3004E60AD /* controlCenter.h */ = {isa = PBXFileReference; fileEncoding = 4; lastKnownFileType = sourcecode.c.h; path = controlCenter.h; sourceTree = "<group>"; };
		F58A8C5D149A2EB3004E60AD /* controlCenter.m */ = {isa = PBXFileReference; fileEncoding = 4; lastKnownFileType = sourcecode.c.objc; path = controlCenter.m; sourceTree = "<group>"; };
		F58A8C5E149A2EB3004E60AD /* diumoo-Info.plist */ = {isa = PBXFileReference; fileEncoding = 4; lastKnownFileType = text.plist.xml; path = "diumoo-Info.plist"; sourceTree = "<group>"; };
		F58A8C5F149A2EB3004E60AD /* diumoo-Prefix.pch */ = {isa = PBXFileReference; fileEncoding = 4; lastKnownFileType = sourcecode.c.h; path = "diumoo-Prefix.pch"; sourceTree = "<group>"; };
		F58A8C60149A2EB3004E60AD /* diumooAppDelegate.h */ = {isa = PBXFileReference; fileEncoding = 4; lastKnownFileType = sourcecode.c.h; path = diumooAppDelegate.h; sourceTree = "<group>"; };
		F58A8C61149A2EB3004E60AD /* diumooAppDelegate.m */ = {isa = PBXFileReference; fileEncoding = 4; lastKnownFileType = sourcecode.c.objc; path = diumooAppDelegate.m; sourceTree = "<group>"; };
		F58A8C62149A2EB3004E60AD /* main.m */ = {isa = PBXFileReference; fileEncoding = 4; lastKnownFileType = sourcecode.c.objc; path = main.m; sourceTree = "<group>"; };
		F58A8C64149A2EB3004E60AD /* doubanFMSource.h */ = {isa = PBXFileReference; fileEncoding = 4; lastKnownFileType = sourcecode.c.h; path = doubanFMSource.h; sourceTree = "<group>"; };
		F58A8C65149A2EB3004E60AD /* doubanFMSource.m */ = {isa = PBXFileReference; fileEncoding = 4; lastKnownFileType = sourcecode.c.objc; path = doubanFMSource.m; sourceTree = "<group>"; };
		F58A8C69149A2EB3004E60AD /* notifier.h */ = {isa = PBXFileReference; fileEncoding = 4; lastKnownFileType = sourcecode.c.h; path = notifier.h; sourceTree = "<group>"; };
		F58A8C6A149A2EB3004E60AD /* notifier.m */ = {isa = PBXFileReference; fileEncoding = 4; lastKnownFileType = sourcecode.c.objc; path = notifier.m; sourceTree = "<group>"; };
		F58A8C6C149A2EB3004E60AD /* musicPlayer.h */ = {isa = PBXFileReference; fileEncoding = 4; lastKnownFileType = sourcecode.c.h; path = musicPlayer.h; sourceTree = "<group>"; };
		F58A8C6D149A2EB3004E60AD /* musicPlayer.m */ = {isa = PBXFileReference; fileEncoding = 4; lastKnownFileType = sourcecode.c.objc; path = musicPlayer.m; sourceTree = "<group>"; };
		F58A8C72149A2EB3004E60AD /* menu.h */ = {isa = PBXFileReference; fileEncoding = 4; lastKnownFileType = sourcecode.c.h; path = menu.h; sourceTree = "<group>"; };
		F58A8C73149A2EB3004E60AD /* menu.m */ = {isa = PBXFileReference; fileEncoding = 4; lastKnownFileType = sourcecode.c.objc; path = menu.m; sourceTree = "<group>"; };
		F58A8C86149A3CDA004E60AD /* DetailView.h */ = {isa = PBXFileReference; fileEncoding = 4; lastKnownFileType = sourcecode.c.h; path = DetailView.h; sourceTree = "<group>"; };
		F58A8C87149A3CDA004E60AD /* DetailView.m */ = {isa = PBXFileReference; fileEncoding = 4; lastKnownFileType = sourcecode.c.objc; path = DetailView.m; sourceTree = "<group>"; };
		F58A8C88149A3CDA004E60AD /* DetailView.xib */ = {isa = PBXFileReference; fileEncoding = 4; lastKnownFileType = file.xib; path = DetailView.xib; sourceTree = "<group>"; };
		F58A8C8D149A48DF004E60AD /* back-alt.png */ = {isa = PBXFileReference; lastKnownFileType = image.png; path = "back-alt.png"; sourceTree = "<group>"; };
		F58A8C8E149A48DF004E60AD /* back.png */ = {isa = PBXFileReference; lastKnownFileType = image.png; path = back.png; sourceTree = "<group>"; };
		F58A8C8F149A48DF004E60AD /* bye-alt.png */ = {isa = PBXFileReference; lastKnownFileType = image.png; path = "bye-alt.png"; sourceTree = "<group>"; };
		F58A8C90149A48DF004E60AD /* bye.png */ = {isa = PBXFileReference; lastKnownFileType = image.png; path = bye.png; sourceTree = "<group>"; };
		F58A8C91149A48DF004E60AD /* dchannels.plist */ = {isa = PBXFileReference; fileEncoding = 4; lastKnownFileType = text.plist.xml; path = dchannels.plist; sourceTree = "<group>"; };
		F58A8C92149A48DF004E60AD /* icon-alt.png */ = {isa = PBXFileReference; lastKnownFileType = image.png; path = "icon-alt.png"; sourceTree = "<group>"; };
		F58A8C93149A48DF004E60AD /* icon.png */ = {isa = PBXFileReference; lastKnownFileType = image.png; path = icon.png; sourceTree = "<group>"; };
		F58A8C94149A48DF004E60AD /* like.png */ = {isa = PBXFileReference; lastKnownFileType = image.png; path = like.png; sourceTree = "<group>"; };
		F58A8C95149A48DF004E60AD /* next-alt.png */ = {isa = PBXFileReference; lastKnownFileType = image.png; path = "next-alt.png"; sourceTree = "<group>"; };
		F58A8C96149A48DF004E60AD /* next.png */ = {isa = PBXFileReference; lastKnownFileType = image.png; path = next.png; sourceTree = "<group>"; };
		F58A8C97149A48DF004E60AD /* pause-alt.png */ = {isa = PBXFileReference; lastKnownFileType = image.png; path = "pause-alt.png"; sourceTree = "<group>"; };
		F58A8C98149A48DF004E60AD /* pause.png */ = {isa = PBXFileReference; lastKnownFileType = image.png; path = pause.png; sourceTree = "<group>"; };
		F58A8C99149A48DF004E60AD /* play-alt.png */ = {isa = PBXFileReference; lastKnownFileType = image.png; path = "play-alt.png"; sourceTree = "<group>"; };
		F58A8C9A149A48DF004E60AD /* play.png */ = {isa = PBXFileReference; lastKnownFileType = image.png; path = play.png; sourceTree = "<group>"; };
		F58A8C9B149A48DF004E60AD /* unlike.png */ = {isa = PBXFileReference; lastKnownFileType = image.png; path = unlike.png; sourceTree = "<group>"; };
		F58C5E8E149F081200DDDF95 /* album.png */ = {isa = PBXFileReference; lastKnownFileType = image.png; path = album.png; sourceTree = "<group>"; };
		F58C5E90149F089D00DDDF95 /* icon.icns */ = {isa = PBXFileReference; lastKnownFileType = image.icns; path = icon.icns; sourceTree = "<group>"; };
		F5C38F3F149C58A40082FEE4 /* twitter.png */ = {isa = PBXFileReference; lastKnownFileType = image.png; path = twitter.png; sourceTree = "<group>"; };
		F5C38F41149C58AF0082FEE4 /* google.png */ = {isa = PBXFileReference; lastKnownFileType = image.png; path = google.png; sourceTree = "<group>"; };
		F5C6C1E4149A28DF0045B3EE /* Growl.framework */ = {isa = PBXFileReference; lastKnownFileType = wrapper.framework; name = Growl.framework; path = extern/Growl.framework; sourceTree = "<group>"; };
		F5C6C1E6149A28DF0045B3EE /* CDataScanner.h */ = {isa = PBXFileReference; fileEncoding = 4; lastKnownFileType = sourcecode.c.h; path = CDataScanner.h; sourceTree = "<group>"; };
		F5C6C1E7149A28DF0045B3EE /* CDataScanner.m */ = {isa = PBXFileReference; fileEncoding = 4; lastKnownFileType = sourcecode.c.objc; path = CDataScanner.m; sourceTree = "<group>"; };
		F5C6C1E9149A28DF0045B3EE /* CFilteringJSONSerializer.h */ = {isa = PBXFileReference; fileEncoding = 4; lastKnownFileType = sourcecode.c.h; path = CFilteringJSONSerializer.h; sourceTree = "<group>"; };
		F5C6C1EA149A28DF0045B3EE /* CFilteringJSONSerializer.m */ = {isa = PBXFileReference; fileEncoding = 4; lastKnownFileType = sourcecode.c.objc; path = CFilteringJSONSerializer.m; sourceTree = "<group>"; };
		F5C6C1EB149A28DF0045B3EE /* CJSONDeserializer_BlocksExtensions.h */ = {isa = PBXFileReference; fileEncoding = 4; lastKnownFileType = sourcecode.c.h; path = CJSONDeserializer_BlocksExtensions.h; sourceTree = "<group>"; };
		F5C6C1EC149A28DF0045B3EE /* CJSONDeserializer_BlocksExtensions.m */ = {isa = PBXFileReference; fileEncoding = 4; lastKnownFileType = sourcecode.c.objc; path = CJSONDeserializer_BlocksExtensions.m; sourceTree = "<group>"; };
		F5C6C1ED149A28DF0045B3EE /* CJSONSerialization.h */ = {isa = PBXFileReference; fileEncoding = 4; lastKnownFileType = sourcecode.c.h; path = CJSONSerialization.h; sourceTree = "<group>"; };
		F5C6C1EE149A28DF0045B3EE /* CJSONSerialization.m */ = {isa = PBXFileReference; fileEncoding = 4; lastKnownFileType = sourcecode.c.objc; path = CJSONSerialization.m; sourceTree = "<group>"; };
		F5C6C1EF149A28DF0045B3EE /* CJSONSerializedData.h */ = {isa = PBXFileReference; fileEncoding = 4; lastKnownFileType = sourcecode.c.h; path = CJSONSerializedData.h; sourceTree = "<group>"; };
		F5C6C1F0149A28DF0045B3EE /* CJSONSerializedData.m */ = {isa = PBXFileReference; fileEncoding = 4; lastKnownFileType = sourcecode.c.objc; path = CJSONSerializedData.m; sourceTree = "<group>"; };
		F5C6C1F2149A28DF0045B3EE /* CDataScanner_Extensions.h */ = {isa = PBXFileReference; fileEncoding = 4; lastKnownFileType = sourcecode.c.h; path = CDataScanner_Extensions.h; sourceTree = "<group>"; };
		F5C6C1F3149A28DF0045B3EE /* CDataScanner_Extensions.m */ = {isa = PBXFileReference; fileEncoding = 4; lastKnownFileType = sourcecode.c.objc; path = CDataScanner_Extensions.m; sourceTree = "<group>"; };
		F5C6C1F4149A28DF0045B3EE /* NSDictionary_JSONExtensions.h */ = {isa = PBXFileReference; fileEncoding = 4; lastKnownFileType = sourcecode.c.h; path = NSDictionary_JSONExtensions.h; sourceTree = "<group>"; };
		F5C6C1F5149A28DF0045B3EE /* NSDictionary_JSONExtensions.m */ = {isa = PBXFileReference; fileEncoding = 4; lastKnownFileType = sourcecode.c.objc; path = NSDictionary_JSONExtensions.m; sourceTree = "<group>"; };
		F5C6C1F7149A28DF0045B3EE /* CJSONDeserializer.h */ = {isa = PBXFileReference; fileEncoding = 4; lastKnownFileType = sourcecode.c.h; path = CJSONDeserializer.h; sourceTree = "<group>"; };
		F5C6C1F8149A28DF0045B3EE /* CJSONDeserializer.m */ = {isa = PBXFileReference; fileEncoding = 4; lastKnownFileType = sourcecode.c.objc; path = CJSONDeserializer.m; sourceTree = "<group>"; };
		F5C6C1F9149A28DF0045B3EE /* CJSONScanner.h */ = {isa = PBXFileReference; fileEncoding = 4; lastKnownFileType = sourcecode.c.h; path = CJSONScanner.h; sourceTree = "<group>"; };
		F5C6C1FA149A28DF0045B3EE /* CJSONScanner.m */ = {isa = PBXFileReference; fileEncoding = 4; lastKnownFileType = sourcecode.c.objc; path = CJSONScanner.m; sourceTree = "<group>"; };
		F5C6C1FB149A28DF0045B3EE /* CJSONSerializer.h */ = {isa = PBXFileReference; fileEncoding = 4; lastKnownFileType = sourcecode.c.h; path = CJSONSerializer.h; sourceTree = "<group>"; };
		F5C6C1FC149A28DF0045B3EE /* CJSONSerializer.m */ = {isa = PBXFileReference; fileEncoding = 4; lastKnownFileType = sourcecode.c.objc; path = CJSONSerializer.m; sourceTree = "<group>"; };
		F5C6C1FD149A28DF0045B3EE /* JSONRepresentation.h */ = {isa = PBXFileReference; fileEncoding = 4; lastKnownFileType = sourcecode.c.h; path = JSONRepresentation.h; sourceTree = "<group>"; };
		F5C9955414BB0E03005F8AF3 /* fanfou.png */ = {isa = PBXFileReference; lastKnownFileType = image.png; path = fanfou.png; sourceTree = "<group>"; };
		F5D9B01D14BA93960095B7A4 /* dsa_pub.pem */ = {isa = PBXFileReference; fileEncoding = 4; lastKnownFileType = text; path = dsa_pub.pem; sourceTree = "<group>"; };
		F5D9C0E914A8BC3E00029663 /* douban.png */ = {isa = PBXFileReference; lastKnownFileType = image.png; path = douban.png; sourceTree = "<group>"; };
		F5DAA05514AB6408004404AA /* EMKeychainItem.h */ = {isa = PBXFileReference; fileEncoding = 4; lastKnownFileType = sourcecode.c.h; name = EMKeychainItem.h; path = preference/EMKeychainItem.h; sourceTree = "<group>"; };
		F5DAA05614AB6408004404AA /* EMKeychainItem.m */ = {isa = PBXFileReference; fileEncoding = 4; lastKnownFileType = sourcecode.c.objc; name = EMKeychainItem.m; path = preference/EMKeychainItem.m; sourceTree = "<group>"; };
		F5DAA05814AB6442004404AA /* FrequencyLevels.h */ = {isa = PBXFileReference; fileEncoding = 4; lastKnownFileType = sourcecode.c.h; name = FrequencyLevels.h; path = visualizer/FrequencyLevels.h; sourceTree = "<group>"; };
		F5DAA05914AB6442004404AA /* FrequencyLevels.m */ = {isa = PBXFileReference; fileEncoding = 4; lastKnownFileType = sourcecode.c.objc; name = FrequencyLevels.m; path = visualizer/FrequencyLevels.m; sourceTree = "<group>"; };
		F5DAA05F14AB65CB004404AA /* SPMediaKeyTap.h */ = {isa = PBXFileReference; fileEncoding = 4; lastKnownFileType = sourcecode.c.h; name = SPMediaKeyTap.h; path = mediaKeyTap/SPMediaKeyTap.h; sourceTree = "<group>"; };
		F5DAA06014AB65CB004404AA /* SPMediaKeyTap.m */ = {isa = PBXFileReference; fileEncoding = 4; lastKnownFileType = sourcecode.c.objc; name = SPMediaKeyTap.m; path = mediaKeyTap/SPMediaKeyTap.m; sourceTree = "<group>"; };
		F5E1B0EB14B07693009D00B1 /* icon-red.png */ = {isa = PBXFileReference; lastKnownFileType = image.png; path = "icon-red.png"; sourceTree = "<group>"; };
		F5E9EF9514B008EE00E0D57B /* all_bigstars.gif */ = {isa = PBXFileReference; lastKnownFileType = image.gif; path = all_bigstars.gif; sourceTree = "<group>"; };
/* End PBXFileReference section */

/* Begin PBXFrameworksBuildPhase section */
		F56A840B148CF92800AE6F1E /* Frameworks */ = {
			isa = PBXFrameworksBuildPhase;
			buildActionMask = 2147483647;
			files = (
				F57EBD3714AB50D800484ED1 /* Security.framework in Frameworks */,
				F57EBD3214AB3F2200484ED1 /* Carbon.framework in Frameworks */,
				F53B258214A2305E00903039 /* QuartzCore.framework in Frameworks */,
				F54951B314A18F3B00068581 /* QuickTime.framework in Frameworks */,
				F52CE624148F46FF0068D6FF /* QTKit.framework in Frameworks */,
				F56A8413148CF92800AE6F1E /* Cocoa.framework in Frameworks */,
				F5C6C1FE149A28DF0045B3EE /* Growl.framework in Frameworks */,
				F556B42714B89F1B003CA192 /* Sparkle.framework in Frameworks */,
			);
			runOnlyForDeploymentPostprocessing = 0;
		};
/* End PBXFrameworksBuildPhase section */

/* Begin PBXGroup section */
		F53B258314A2326200903039 /* visualizer */ = {
			isa = PBXGroup;
			children = (
				F5DAA05814AB6442004404AA /* FrequencyLevels.h */,
				F5DAA05914AB6442004404AA /* FrequencyLevels.m */,
			);
			name = visualizer;
			sourceTree = "<group>";
		};
		F56A8403148CF92800AE6F1E = {
			isa = PBXGroup;
			children = (
				F58A8C8B149A48DE004E60AD /* resources */,
				F58A8C5A149A2EB3004E60AD /* diumoo */,
				F5C6C1E3149A28DF0045B3EE /* extern */,
				F56A8411148CF92800AE6F1E /* Frameworks */,
				F56A840F148CF92800AE6F1E /* Products */,
			);
			sourceTree = "<group>";
		};
		F56A840F148CF92800AE6F1E /* Products */ = {
			isa = PBXGroup;
			children = (
				F56A840E148CF92800AE6F1E /* diumoo.app */,
			);
			name = Products;
			sourceTree = "<group>";
		};
		F56A8411148CF92800AE6F1E /* Frameworks */ = {
			isa = PBXGroup;
			children = (
				F556B42614B89F1B003CA192 /* Sparkle.framework */,
				F57EBD3614AB50D800484ED1 /* Security.framework */,
				F57EBD3114AB3F2100484ED1 /* Carbon.framework */,
				F53B258114A2305E00903039 /* QuartzCore.framework */,
				F54951B214A18F3B00068581 /* QuickTime.framework */,
				F5C6C1E4149A28DF0045B3EE /* Growl.framework */,
				F52CE623148F46FF0068D6FF /* QTKit.framework */,
				F56A8412148CF92800AE6F1E /* Cocoa.framework */,
				F56A8414148CF92800AE6F1E /* Other Frameworks */,
			);
			name = Frameworks;
			sourceTree = "<group>";
		};
		F56A8414148CF92800AE6F1E /* Other Frameworks */ = {
			isa = PBXGroup;
			children = (
				F56A8415148CF92800AE6F1E /* AppKit.framework */,
				F56A8416148CF92800AE6F1E /* CoreData.framework */,
				F56A8417148CF92800AE6F1E /* Foundation.framework */,
			);
			name = "Other Frameworks";
			sourceTree = "<group>";
		};
		F5766D1B149D93EF00D5FDA6 /* preferencePanel */ = {
			isa = PBXGroup;
			children = (
				F5DAA05514AB6408004404AA /* EMKeychainItem.h */,
				F5DAA05614AB6408004404AA /* EMKeychainItem.m */,
				F5766D26149D950200D5FDA6 /* prefsPanel.xib */,
				F5766D3A149DB16500D5FDA6 /* preference.h */,
				F5766D3B149DB16500D5FDA6 /* preference.m */,
			);
			name = preferencePanel;
			sourceTree = "<group>";
		};
		F58A8C5A149A2EB3004E60AD /* diumoo */ = {
			isa = PBXGroup;
			children = (
				F5766D32149DA0EC00D5FDA6 /* MainMenu.xib */,
				F57EBD2D14AB1E5B00484ED1 /* diumooApp.h */,
				F57EBD2E14AB1E5B00484ED1 /* diumooApp.m */,
				F58A8C5E149A2EB3004E60AD /* diumoo-Info.plist */,
				F58A8C5F149A2EB3004E60AD /* diumoo-Prefix.pch */,
				F58A8C60149A2EB3004E60AD /* diumooAppDelegate.h */,
				F58A8C61149A2EB3004E60AD /* diumooAppDelegate.m */,
				F58A8C62149A2EB3004E60AD /* main.m */,
				F5DAA05B14AB6454004404AA /* mediaKeyTap */,
				F53B258314A2326200903039 /* visualizer */,
				F58A8C5B149A2EB3004E60AD /* controlCenter */,
				F58A8C63149A2EB3004E60AD /* mediaSource */,
				F58A8C68149A2EB3004E60AD /* notifier */,
				F58A8C6B149A2EB3004E60AD /* player */,
				F58A8C71149A2EB3004E60AD /* view */,
				F5766D1B149D93EF00D5FDA6 /* preferencePanel */,
			);
			path = diumoo;
			sourceTree = "<group>";
		};
		F58A8C5B149A2EB3004E60AD /* controlCenter */ = {
			isa = PBXGroup;
			children = (
				F58A8C5C149A2EB3004E60AD /* controlCenter.h */,
				F58A8C5D149A2EB3004E60AD /* controlCenter.m */,
			);
			path = controlCenter;
			sourceTree = "<group>";
		};
		F58A8C63149A2EB3004E60AD /* mediaSource */ = {
			isa = PBXGroup;
			children = (
				F58A8C64149A2EB3004E60AD /* doubanFMSource.h */,
				F58A8C65149A2EB3004E60AD /* doubanFMSource.m */,
			);
			path = mediaSource;
			sourceTree = "<group>";
		};
		F58A8C68149A2EB3004E60AD /* notifier */ = {
			isa = PBXGroup;
			children = (
				F58A8C69149A2EB3004E60AD /* notifier.h */,
				F58A8C6A149A2EB3004E60AD /* notifier.m */,
			);
			path = notifier;
			sourceTree = "<group>";
		};
		F58A8C6B149A2EB3004E60AD /* player */ = {
			isa = PBXGroup;
			children = (
				F58A8C6C149A2EB3004E60AD /* musicPlayer.h */,
				F58A8C6D149A2EB3004E60AD /* musicPlayer.m */,
			);
			path = player;
			sourceTree = "<group>";
		};
		F58A8C71149A2EB3004E60AD /* view */ = {
			isa = PBXGroup;
			children = (
				F58A8C86149A3CDA004E60AD /* DetailView.h */,
				F58A8C87149A3CDA004E60AD /* DetailView.m */,
				F58A8C88149A3CDA004E60AD /* DetailView.xib */,
				F58A8C72149A2EB3004E60AD /* menu.h */,
				F58A8C73149A2EB3004E60AD /* menu.m */,
			);
			path = view;
			sourceTree = "<group>";
		};
		F58A8C8B149A48DE004E60AD /* resources */ = {
			isa = PBXGroup;
			children = (
				F50F5A8F14BDBF6F00587035 /* redheart.png */,
				F50F5A9214BDBFC800587035 /* greyheart.png */,
				F5C9955414BB0E03005F8AF3 /* fanfou.png */,
				F5D9B01D14BA93960095B7A4 /* dsa_pub.pem */,
				F5E1B0EB14B07693009D00B1 /* icon-red.png */,
				F5E9EF9514B008EE00E0D57B /* all_bigstars.gif */,
				F56251F614AD589B006A880C /* account_ok.png */,
				F56251F714AD589B006A880C /* user.png */,
				F5D9C0E914A8BC3E00029663 /* douban.png */,
				F58C5E90149F089D00DDDF95 /* icon.icns */,
				F5C38F41149C58AF0082FEE4 /* google.png */,
				F58C5E8E149F081200DDDF95 /* album.png */,
				F5C38F3F149C58A40082FEE4 /* twitter.png */,
				F58A8C8D149A48DF004E60AD /* back-alt.png */,
				F58A8C8E149A48DF004E60AD /* back.png */,
				F58A8C8F149A48DF004E60AD /* bye-alt.png */,
				149FC7E614B6E8DC0028C96B /* last_fm.png */,
				F58A8C90149A48DF004E60AD /* bye.png */,
				F58A8C91149A48DF004E60AD /* dchannels.plist */,
				F58A8C92149A48DF004E60AD /* icon-alt.png */,
				F58A8C93149A48DF004E60AD /* icon.png */,
				F58A8C94149A48DF004E60AD /* like.png */,
				F58A8C95149A48DF004E60AD /* next-alt.png */,
				F58A8C96149A48DF004E60AD /* next.png */,
				F58A8C97149A48DF004E60AD /* pause-alt.png */,
				F58A8C98149A48DF004E60AD /* pause.png */,
				F58A8C99149A48DF004E60AD /* play-alt.png */,
				F58A8C9A149A48DF004E60AD /* play.png */,
				F58A8C9B149A48DF004E60AD /* unlike.png */,
			);
			path = resources;
			sourceTree = "<group>";
		};
		F5C6C1E3149A28DF0045B3EE /* extern */ = {
			isa = PBXGroup;
			children = (
				F5C6C1E5149A28DF0045B3EE /* TouchJSON */,
			);
			path = extern;
			sourceTree = "<group>";
		};
		F5C6C1E5149A28DF0045B3EE /* TouchJSON */ = {
			isa = PBXGroup;
			children = (
				F5C6C1E6149A28DF0045B3EE /* CDataScanner.h */,
				F5C6C1E7149A28DF0045B3EE /* CDataScanner.m */,
				F5C6C1E8149A28DF0045B3EE /* Experimental */,
				F5C6C1F1149A28DF0045B3EE /* Extensions */,
				F5C6C1F6149A28DF0045B3EE /* JSON */,
			);
			path = TouchJSON;
			sourceTree = "<group>";
		};
		F5C6C1E8149A28DF0045B3EE /* Experimental */ = {
			isa = PBXGroup;
			children = (
				F5C6C1E9149A28DF0045B3EE /* CFilteringJSONSerializer.h */,
				F5C6C1EA149A28DF0045B3EE /* CFilteringJSONSerializer.m */,
				F5C6C1EB149A28DF0045B3EE /* CJSONDeserializer_BlocksExtensions.h */,
				F5C6C1EC149A28DF0045B3EE /* CJSONDeserializer_BlocksExtensions.m */,
				F5C6C1ED149A28DF0045B3EE /* CJSONSerialization.h */,
				F5C6C1EE149A28DF0045B3EE /* CJSONSerialization.m */,
				F5C6C1EF149A28DF0045B3EE /* CJSONSerializedData.h */,
				F5C6C1F0149A28DF0045B3EE /* CJSONSerializedData.m */,
			);
			path = Experimental;
			sourceTree = "<group>";
		};
		F5C6C1F1149A28DF0045B3EE /* Extensions */ = {
			isa = PBXGroup;
			children = (
				F5C6C1F2149A28DF0045B3EE /* CDataScanner_Extensions.h */,
				F5C6C1F3149A28DF0045B3EE /* CDataScanner_Extensions.m */,
				F5C6C1F4149A28DF0045B3EE /* NSDictionary_JSONExtensions.h */,
				F5C6C1F5149A28DF0045B3EE /* NSDictionary_JSONExtensions.m */,
			);
			path = Extensions;
			sourceTree = "<group>";
		};
		F5C6C1F6149A28DF0045B3EE /* JSON */ = {
			isa = PBXGroup;
			children = (
				F5C6C1F7149A28DF0045B3EE /* CJSONDeserializer.h */,
				F5C6C1F8149A28DF0045B3EE /* CJSONDeserializer.m */,
				F5C6C1F9149A28DF0045B3EE /* CJSONScanner.h */,
				F5C6C1FA149A28DF0045B3EE /* CJSONScanner.m */,
				F5C6C1FB149A28DF0045B3EE /* CJSONSerializer.h */,
				F5C6C1FC149A28DF0045B3EE /* CJSONSerializer.m */,
				F5C6C1FD149A28DF0045B3EE /* JSONRepresentation.h */,
			);
			path = JSON;
			sourceTree = "<group>";
		};
		F5DAA05B14AB6454004404AA /* mediaKeyTap */ = {
			isa = PBXGroup;
			children = (
				F5DAA05F14AB65CB004404AA /* SPMediaKeyTap.h */,
				F5DAA06014AB65CB004404AA /* SPMediaKeyTap.m */,
			);
			name = mediaKeyTap;
			sourceTree = "<group>";
		};
/* End PBXGroup section */

/* Begin PBXNativeTarget section */
		F56A840D148CF92800AE6F1E /* diumoo */ = {
			isa = PBXNativeTarget;
			buildConfigurationList = F56A842C148CF92800AE6F1E /* Build configuration list for PBXNativeTarget "diumoo" */;
			buildPhases = (
				F56A840A148CF92800AE6F1E /* Sources */,
				F56A840B148CF92800AE6F1E /* Frameworks */,
				F56A840C148CF92800AE6F1E /* Resources */,
				F5E5E6761492770600804996 /* CopyFiles */,
			);
			buildRules = (
			);
			dependencies = (
			);
			name = diumoo;
			productName = diumoo;
			productReference = F56A840E148CF92800AE6F1E /* diumoo.app */;
			productType = "com.apple.product-type.application";
		};
/* End PBXNativeTarget section */

/* Begin PBXProject section */
		F56A8405148CF92800AE6F1E /* Project object */ = {
			isa = PBXProject;
			attributes = {
				LastUpgradeCheck = 0410;
			};
			buildConfigurationList = F56A8408148CF92800AE6F1E /* Build configuration list for PBXProject "diumoo" */;
			compatibilityVersion = "Xcode 3.2";
			developmentRegion = English;
			hasScannedForEncodings = 0;
			knownRegions = (
				en,
				"zh-Hans",
			);
			mainGroup = F56A8403148CF92800AE6F1E;
			productRefGroup = F56A840F148CF92800AE6F1E /* Products */;
			projectDirPath = "";
			projectRoot = "";
			targets = (
				F56A840D148CF92800AE6F1E /* diumoo */,
			);
		};
/* End PBXProject section */

/* Begin PBXResourcesBuildPhase section */
		F56A840C148CF92800AE6F1E /* Resources */ = {
			isa = PBXResourcesBuildPhase;
			buildActionMask = 2147483647;
			files = (
				F58A8C8A149A3CDA004E60AD /* DetailView.xib in Resources */,
				F58A8C9D149A48DF004E60AD /* back-alt.png in Resources */,
				F58A8C9E149A48DF004E60AD /* back.png in Resources */,
				F58A8C9F149A48DF004E60AD /* bye-alt.png in Resources */,
				F58A8CA0149A48DF004E60AD /* bye.png in Resources */,
				F58A8CA1149A48DF004E60AD /* dchannels.plist in Resources */,
				F58A8CA2149A48DF004E60AD /* icon-alt.png in Resources */,
				F58A8CA3149A48DF004E60AD /* icon.png in Resources */,
				F58A8CA4149A48DF004E60AD /* like.png in Resources */,
				F58A8CA5149A48DF004E60AD /* next-alt.png in Resources */,
				F58A8CA6149A48DF004E60AD /* next.png in Resources */,
				F58A8CA7149A48DF004E60AD /* pause-alt.png in Resources */,
				F58A8CA8149A48DF004E60AD /* pause.png in Resources */,
				F58A8CA9149A48DF004E60AD /* play-alt.png in Resources */,
				F58A8CAA149A48DF004E60AD /* play.png in Resources */,
				F58A8CAB149A48DF004E60AD /* unlike.png in Resources */,
				F5C38F40149C58A40082FEE4 /* twitter.png in Resources */,
				F5C38F42149C58AF0082FEE4 /* google.png in Resources */,
				F5766D28149D950200D5FDA6 /* prefsPanel.xib in Resources */,
				F5766D34149DA0EC00D5FDA6 /* MainMenu.xib in Resources */,
				F58C5E8F149F081200DDDF95 /* album.png in Resources */,
				F58C5E91149F089D00DDDF95 /* icon.icns in Resources */,
				F5D9C0EA14A8BC3E00029663 /* douban.png in Resources */,
				F56251F814AD589B006A880C /* account_ok.png in Resources */,
				F56251F914AD589B006A880C /* user.png in Resources */,
				F5E9EF9614B008EE00E0D57B /* all_bigstars.gif in Resources */,
				F5E1B0EC14B07693009D00B1 /* icon-red.png in Resources */,
				149FC7E714B6E8DC0028C96B /* last_fm.png in Resources */,
				F5D9B01E14BA93960095B7A4 /* dsa_pub.pem in Resources */,
				F5C9955514BB0E03005F8AF3 /* fanfou.png in Resources */,
				F50F5A9014BDBF6F00587035 /* redheart.png in Resources */,
				F50F5A9314BDBFC800587035 /* greyheart.png in Resources */,
			);
			runOnlyForDeploymentPostprocessing = 0;
		};
/* End PBXResourcesBuildPhase section */

/* Begin PBXSourcesBuildPhase section */
		F56A840A148CF92800AE6F1E /* Sources */ = {
			isa = PBXSourcesBuildPhase;
			buildActionMask = 2147483647;
			files = (
				F5C6C1FF149A28DF0045B3EE /* CDataScanner.m in Sources */,
				F5C6C200149A28DF0045B3EE /* CFilteringJSONSerializer.m in Sources */,
				F5C6C201149A28DF0045B3EE /* CJSONDeserializer_BlocksExtensions.m in Sources */,
				F5C6C202149A28DF0045B3EE /* CJSONSerialization.m in Sources */,
				F5C6C203149A28DF0045B3EE /* CJSONSerializedData.m in Sources */,
				F5C6C204149A28DF0045B3EE /* CDataScanner_Extensions.m in Sources */,
				F5C6C205149A28DF0045B3EE /* NSDictionary_JSONExtensions.m in Sources */,
				F5C6C206149A28DF0045B3EE /* CJSONDeserializer.m in Sources */,
				F5C6C207149A28DF0045B3EE /* CJSONScanner.m in Sources */,
				F5C6C208149A28DF0045B3EE /* CJSONSerializer.m in Sources */,
				F58A8C74149A2EB3004E60AD /* controlCenter.m in Sources */,
				F58A8C76149A2EB3004E60AD /* diumooAppDelegate.m in Sources */,
				F58A8C77149A2EB3004E60AD /* main.m in Sources */,
				F58A8C78149A2EB3004E60AD /* doubanFMSource.m in Sources */,
				F58A8C7A149A2EB3004E60AD /* notifier.m in Sources */,
				F58A8C7B149A2EB3004E60AD /* musicPlayer.m in Sources */,
				F58A8C7D149A2EB3004E60AD /* menu.m in Sources */,
				F58A8C89149A3CDA004E60AD /* DetailView.m in Sources */,
				F5766D3C149DB16500D5FDA6 /* preference.m in Sources */,
				F57EBD2F14AB1E5B00484ED1 /* diumooApp.m in Sources */,
				F5DAA05714AB6408004404AA /* EMKeychainItem.m in Sources */,
				F5DAA05A14AB6442004404AA /* FrequencyLevels.m in Sources */,
				F5DAA06114AB65CB004404AA /* SPMediaKeyTap.m in Sources */,
			);
			runOnlyForDeploymentPostprocessing = 0;
		};
/* End PBXSourcesBuildPhase section */

/* Begin PBXVariantGroup section */
		F5766D26149D950200D5FDA6 /* prefsPanel.xib */ = {
			isa = PBXVariantGroup;
			children = (
				F5766D3D149DB4AA00D5FDA6 /* en */,
			);
			name = prefsPanel.xib;
			path = ..;
			sourceTree = "<group>";
		};
		F5766D32149DA0EC00D5FDA6 /* MainMenu.xib */ = {
			isa = PBXVariantGroup;
			children = (
				F5766D33149DA0EC00D5FDA6 /* en */,
				F5766D35149DA12E00D5FDA6 /* zh-Hans */,
			);
			name = MainMenu.xib;
			sourceTree = "<group>";
		};
/* End PBXVariantGroup section */

/* Begin XCBuildConfiguration section */
		F56A842A148CF92800AE6F1E /* Debug */ = {
			isa = XCBuildConfiguration;
			buildSettings = {
				ALWAYS_SEARCH_USER_PATHS = NO;
				ARCHS = "$(NATIVE_ARCH_ACTUAL)";
				COPY_PHASE_STRIP = YES;
				GCC_C_LANGUAGE_STANDARD = gnu99;
				GCC_DYNAMIC_NO_PIC = NO;
				GCC_ENABLE_OBJC_EXCEPTIONS = YES;
				GCC_ENABLE_OBJC_GC = required;
				GCC_OPTIMIZATION_LEVEL = 0;
				GCC_PREPROCESSOR_DEFINITIONS = (
					"DEBUG=1",
					"$(inherited)",
				);
				GCC_SYMBOLS_PRIVATE_EXTERN = NO;
				GCC_VERSION = com.apple.compilers.llvmgcc42;
				GCC_WARN_64_TO_32_BIT_CONVERSION = YES;
				GCC_WARN_ABOUT_MISSING_PROTOTYPES = YES;
				GCC_WARN_ABOUT_RETURN_TYPE = YES;
				GCC_WARN_UNUSED_VARIABLE = YES;
				MACOSX_DEPLOYMENT_TARGET = 10.7;
				ONLY_ACTIVE_ARCH = NO;
				SDKROOT = macosx10.6;
			};
			name = Debug;
		};
		F56A842B148CF92800AE6F1E /* Release */ = {
			isa = XCBuildConfiguration;
			buildSettings = {
				ALWAYS_SEARCH_USER_PATHS = NO;
				ARCHS = "$(NATIVE_ARCH_ACTUAL)";
				COPY_PHASE_STRIP = YES;
				DEBUG_INFORMATION_FORMAT = "dwarf-with-dsym";
				GCC_C_LANGUAGE_STANDARD = gnu99;
				GCC_ENABLE_OBJC_EXCEPTIONS = YES;
				GCC_ENABLE_OBJC_GC = required;
				GCC_VERSION = com.apple.compilers.llvmgcc42;
				GCC_WARN_64_TO_32_BIT_CONVERSION = YES;
				GCC_WARN_ABOUT_MISSING_PROTOTYPES = YES;
				GCC_WARN_ABOUT_RETURN_TYPE = YES;
				GCC_WARN_UNUSED_VARIABLE = YES;
				MACOSX_DEPLOYMENT_TARGET = 10.7;
				ONLY_ACTIVE_ARCH = YES;
				SDKROOT = macosx10.6;
			};
			name = Release;
		};
		F56A842D148CF92800AE6F1E /* Debug */ = {
			isa = XCBuildConfiguration;
			buildSettings = {
				ARCHS = "$(ARCHS_STANDARD_32_BIT)";
				FRAMEWORK_SEARCH_PATHS = (
					"$(inherited)",
					"\"$(SRCROOT)\"",
					"\"$(SRCROOT)/../../Growl-1.3.1-SDK/Framework\"",
					"\"$(SRCROOT)/extern\"",
				);
				GCC_ENABLE_OBJC_GC = unsupported;
				GCC_PRECOMPILE_PREFIX_HEADER = YES;
				GCC_PREFIX_HEADER = "diumoo/diumoo-Prefix.pch";
				GCC_VERSION = com.apple.compilers.llvmgcc42;
				INFOPLIST_FILE = "diumoo/diumoo-Info.plist";
				MACOSX_DEPLOYMENT_TARGET = 10.6;
				PRODUCT_NAME = "$(TARGET_NAME)";
				SDKROOT = macosx10.6;
				WRAPPER_EXTENSION = app;
			};
			name = Debug;
		};
		F56A842E148CF92800AE6F1E /* Release */ = {
			isa = XCBuildConfiguration;
			buildSettings = {
				ARCHS = "$(ARCHS_STANDARD_32_BIT)";
				FRAMEWORK_SEARCH_PATHS = (
					"$(inherited)",
					"\"$(SRCROOT)\"",
					"\"$(SRCROOT)/../../Growl-1.3.1-SDK/Framework\"",
					"\"$(SRCROOT)/extern\"",
				);
				GCC_ENABLE_OBJC_GC = unsupported;
				GCC_PRECOMPILE_PREFIX_HEADER = YES;
				GCC_PREFIX_HEADER = "diumoo/diumoo-Prefix.pch";
				GCC_VERSION = com.apple.compilers.llvmgcc42;
				INFOPLIST_FILE = "diumoo/diumoo-Info.plist";
				MACOSX_DEPLOYMENT_TARGET = 10.6;
				PRODUCT_NAME = "$(TARGET_NAME)";
				SDKROOT = macosx10.6;
				WRAPPER_EXTENSION = app;
			};
			name = Release;
		};
/* End XCBuildConfiguration section */

/* Begin XCConfigurationList section */
		F56A8408148CF92800AE6F1E /* Build configuration list for PBXProject "diumoo" */ = {
			isa = XCConfigurationList;
			buildConfigurations = (
				F56A842A148CF92800AE6F1E /* Debug */,
				F56A842B148CF92800AE6F1E /* Release */,
			);
			defaultConfigurationIsVisible = 0;
			defaultConfigurationName = Release;
		};
		F56A842C148CF92800AE6F1E /* Build configuration list for PBXNativeTarget "diumoo" */ = {
			isa = XCConfigurationList;
			buildConfigurations = (
				F56A842D148CF92800AE6F1E /* Debug */,
				F56A842E148CF92800AE6F1E /* Release */,
			);
			defaultConfigurationIsVisible = 0;
			defaultConfigurationName = Release;
		};
/* End XCConfigurationList section */
	};
	rootObject = F56A8405148CF92800AE6F1E /* Project object */;
}
